
Microsoft Visual Studio Solution File, Format Version 12.00
# Visual Studio Version 17
VisualStudioVersion = 17.5.33414.496
MinimumVisualStudioVersion = 10.0.40219.1
Project("{8BC9CEB8-8B4A-11D0-8D11-00A0C91BC942}") = "KNIFFEL", "KNIFFEL\KNIFFEL.vcxproj", "{8F6DD65B-56C4-450A-B47D-DB5333A725AC}"
EndProject
Global
	GlobalSection(SolutionConfigurationPlatforms) = preSolution
		Debug|x64 = Debug|x64
		Debug|x86 = Debug|x86
		Release|x64 = Release|x64
		Release|x86 = Release|x86
	EndGlobalSection
	GlobalSection(ProjectConfigurationPlatforms) = postSolution
		{8F6DD65B-56C4-450A-B47D-DB5333A725AC}.Debug|x64.ActiveCfg = Debug|x64
		{8F6DD65B-56C4-450A-B47D-DB5333A725AC}.Debug|x64.Build.0 = Debug|x64
		{8F6DD65B-56C4-450A-B47D-DB5333A725AC}.Debug|x86.ActiveCfg = Debug|Win32
		{8F6DD65B-56C4-450A-B47D-DB5333A725AC}.Debug|x86.Build.0 = Debug|Win32
		{8F6DD65B-56C4-450A-B47D-DB5333A725AC}.Release|x64.ActiveCfg = Release|x64
		{8F6DD65B-56C4-450A-B47D-DB5333A725AC}.Release|x64.Build.0 = Release|x64
		{8F6DD65B-56C4-450A-B47D-DB5333A725AC}.Release|x86.ActiveCfg = Release|Win32
		{8F6DD65B-56C4-450A-B47D-DB5333A725AC}.Release|x86.Build.0 = Release|Win32
	EndGlobalSection
	GlobalSection(SolutionProperties) = preSolution
		HideSolutionNode = FALSE
	EndGlobalSection
	GlobalSection(ExtensibilityGlobals) = postSolution
		SolutionGuid = {9FB954B2-604A-4C5A-8E3A-3A5B57A9BBA4}
	EndGlobalSection
EndGlobal
